
Microsoft Visual Studio Solution File, Format Version 11.00
# Visual Studio 2010
Project("{2150E333-8FDC-42A3-9474-1A3956D46DE8}") = "KYData", "KYData", "{5DCF090D-E414-42CC-8ED0-D4FA6D37122D}"
EndProject
Project("{2150E333-8FDC-42A3-9474-1A3956D46DE8}") = "WLData", "WLData", "{3FB50930-E6A9-498A-95CE-8A03ADB00F8A}"
EndProject
Project("{FAE04EC0-301F-11D3-BF4B-00C04F79EFBC}") = "Model", "KYData\Model\Model.csproj", "{C32DA653-F8FE-4EEA-B5B5-4564AA6834D2}"
EndProject
Project("{FAE04EC0-301F-11D3-BF4B-00C04F79EFBC}") = "Logic", "KYData\Logic\Logic.csproj", "{FFD48BDF-D0D9-45FB-8723-4385D79EB1FB}"
EndProject
Project("{FAE04EC0-301F-11D3-BF4B-00C04F79EFBC}") = "Entry", "KYData\Entry\Entry.csproj", "{57C382C2-DEEC-4AA6-AEC1-77E594AF17AD}"
EndProject
Project("{FAE04EC0-301F-11D3-BF4B-00C04F79EFBC}") = "Entry", "WLData\Entry\Entry.csproj", "{67FD5306-9975-47CC-896C-B1864A41F331}"
EndProject
Project("{FAE04EC0-301F-11D3-BF4B-00C04F79EFBC}") = "Logic", "WLData\Logic\Logic.csproj", "{CE648344-66A9-462C-81A4-906A8AA99616}"
EndProject
Project("{FAE04EC0-301F-11D3-BF4B-00C04F79EFBC}") = "Model", "WLData\Model\Model.csproj", "{72516B35-C0BF-4AB3-B396-4CACAF16C8EA}"
EndProject
Project("{FAE04EC0-301F-11D3-BF4B-00C04F79EFBC}") = "KYCheckTicket", "KYCheckTicket\KYCheckTicket.csproj", "{0A3AAAC3-5F34-445E-8E88-3550177F6DB1}"
EndProject
Project("{FAE04EC0-301F-11D3-BF4B-00C04F79EFBC}") = "KYIDCard", "KYIDCard\KYIDCard.csproj", "{5C2EC6F1-A130-48EC-9BEC-99EBACBB4340}"
EndProject
Project("{FAE04EC0-301F-11D3-BF4B-00C04F79EFBC}") = "WLCheckout", "WLCheckout\WLCheckout.csproj", "{20B51053-577A-4A99-B8CA-679211D6099D}"
EndProject
Project("{FAE04EC0-301F-11D3-BF4B-00C04F79EFBC}") = "ShareLibrary", "ShareLibrary\ShareLibrary.csproj", "{174D6CC2-4ADF-40FA-AC85-DAC0538B6D79}"
EndProject
Project("{FAE04EC0-301F-11D3-BF4B-00C04F79EFBC}") = "WLWorking", "WLWorking\WLWorking.csproj", "{03F50D2F-E8AB-4670-B448-2ECEDC7053EB}"
EndProject
Project("{2150E333-8FDC-42A3-9474-1A3956D46DE8}") = "WebSite", "WebSite", "{235999C4-DA34-4BF2-A70B-DCBBE3AEDF94}"
EndProject
Project("{E24C65DC-7377-472B-9ABA-BC803B73C61A}") = "KYService", "WebSite\KYService\", "{92CE208C-B3AE-4C58-ABDD-337D503BF5FB}"
	ProjectSection(WebsiteProperties) = preProject
		TargetFrameworkMoniker = ".NETFramework,Version%3Dv4.0"
		ProjectReferences = "{57C382C2-DEEC-4AA6-AEC1-77E594AF17AD}|KM.KYData.Entry.dll;{C32DA653-F8FE-4EEA-B5B5-4564AA6834D2}|KM.KYData.Model.dll;"
		Debug.AspNetCompiler.VirtualPath = "/KYService"
		Debug.AspNetCompiler.PhysicalPath = "WebSite\KYService\"
		Debug.AspNetCompiler.TargetPath = "PrecompiledWeb\KYService\"
		Debug.AspNetCompiler.Updateable = "true"
		Debug.AspNetCompiler.ForceOverwrite = "true"
		Debug.AspNetCompiler.FixedNames = "false"
		Debug.AspNetCompiler.Debug = "True"
		Release.AspNetCompiler.VirtualPath = "/KYService"
		Release.AspNetCompiler.PhysicalPath = "WebSite\KYService\"
		Release.AspNetCompiler.TargetPath = "PrecompiledWeb\KYService\"
		Release.AspNetCompiler.Updateable = "true"
		Release.AspNetCompiler.ForceOverwrite = "true"
		Release.AspNetCompiler.FixedNames = "false"
		Release.AspNetCompiler.Debug = "False"
		VWDPort = "13144"
		DefaultWebSiteLanguage = "Visual C#"
		StartServerOnDebug = "false"
	EndProjectSection
EndProject
Project("{FAE04EC0-301F-11D3-BF4B-00C04F79EFBC}") = "Service", "WLData\Service\Service.csproj", "{AAF325DB-E5C5-4A5B-B8CA-1BC1ACD00116}"
EndProject
Project("{FAE04EC0-301F-11D3-BF4B-00C04F79EFBC}") = "WLAuthorize", "WLAuthorize\WLAuthorize.csproj", "{62C509E8-1556-415B-A81C-84ED4C02ECB9}"
EndProject
Project("{E24C65DC-7377-472B-9ABA-BC803B73C61A}") = "WLService", "WebSite\WLService\", "{76007EDC-5ECF-40DE-B9E8-0E32D4C268AF}"
	ProjectSection(WebsiteProperties) = preProject
		TargetFrameworkMoniker = ".NETFramework,Version%3Dv4.0"
		ProjectReferences = "{AAF325DB-E5C5-4A5B-B8CA-1BC1ACD00116}|KM.WLData.Service.dll;{67FD5306-9975-47CC-896C-B1864A41F331}|KM.WLData.Entry.dll;{72516B35-C0BF-4AB3-B396-4CACAF16C8EA}|KM.WLData.Model.dll;"
		Debug.AspNetCompiler.VirtualPath = "/WLService"
		Debug.AspNetCompiler.PhysicalPath = "WebSite\WLService\"
		Debug.AspNetCompiler.TargetPath = "PrecompiledWeb\WLService\"
		Debug.AspNetCompiler.Updateable = "true"
		Debug.AspNetCompiler.ForceOverwrite = "true"
		Debug.AspNetCompiler.FixedNames = "false"
		Debug.AspNetCompiler.Debug = "True"
		Release.AspNetCompiler.VirtualPath = "/WLService"
		Release.AspNetCompiler.PhysicalPath = "WebSite\WLService\"
		Release.AspNetCompiler.TargetPath = "PrecompiledWeb\WLService\"
		Release.AspNetCompiler.Updateable = "true"
		Release.AspNetCompiler.ForceOverwrite = "true"
		Release.AspNetCompiler.FixedNames = "false"
		Release.AspNetCompiler.Debug = "False"
		VWDPort = "13201"
		DefaultWebSiteLanguage = "Visual C#"
		StartServerOnDebug = "false"
	EndProjectSection
EndProject
Project("{E24C65DC-7377-472B-9ABA-BC803B73C61A}") = "WLInternal", "WebSite\WLInternal\", "{DEEB6558-AD63-4C26-A778-ECE2DBEB5212}"
	ProjectSection(WebsiteProperties) = preProject
		TargetFrameworkMoniker = ".NETFramework,Version%3Dv4.0"
		Debug.AspNetCompiler.VirtualPath = "/WLInternal"
		Debug.AspNetCompiler.PhysicalPath = "WebSite\WLInternal\"
		Debug.AspNetCompiler.TargetPath = "PrecompiledWeb\WLInternal\"
		Debug.AspNetCompiler.Updateable = "true"
		Debug.AspNetCompiler.ForceOverwrite = "true"
		Debug.AspNetCompiler.FixedNames = "false"
		Debug.AspNetCompiler.Debug = "True"
		Release.AspNetCompiler.VirtualPath = "/WLInternal"
		Release.AspNetCompiler.PhysicalPath = "WebSite\WLInternal\"
		Release.AspNetCompiler.TargetPath = "PrecompiledWeb\WLInternal\"
		Release.AspNetCompiler.Updateable = "true"
		Release.AspNetCompiler.ForceOverwrite = "true"
		Release.AspNetCompiler.FixedNames = "false"
		Release.AspNetCompiler.Debug = "False"
		VWDPort = "13205"
		DefaultWebSiteLanguage = "Visual C#"
		StartServerOnDebug = "false"
	EndProjectSection
EndProject
Project("{E24C65DC-7377-472B-9ABA-BC803B73C61A}") = "WLInternet", "WebSite\WLInternet\", "{E3E44A11-11C1-4FA3-A64F-214C668FD507}"
	ProjectSection(WebsiteProperties) = preProject
		TargetFrameworkMoniker = ".NETFramework,Version%3Dv4.0"
		Debug.AspNetCompiler.VirtualPath = "/WLInternet"
		Debug.AspNetCompiler.PhysicalPath = "WebSite\WLInternet\"
		Debug.AspNetCompiler.TargetPath = "PrecompiledWeb\WLInternet\"
		Debug.AspNetCompiler.Updateable = "true"
		Debug.AspNetCompiler.ForceOverwrite = "true"
		Debug.AspNetCompiler.FixedNames = "false"
		Debug.AspNetCompiler.Debug = "True"
		Release.AspNetCompiler.VirtualPath = "/WLInternet"
		Release.AspNetCompiler.PhysicalPath = "WebSite\WLInternet\"
		Release.AspNetCompiler.TargetPath = "PrecompiledWeb\WLInternet\"
		Release.AspNetCompiler.Updateable = "true"
		Release.AspNetCompiler.ForceOverwrite = "true"
		Release.AspNetCompiler.FixedNames = "false"
		Release.AspNetCompiler.Debug = "False"
		VWDPort = "13207"
		DefaultWebSiteLanguage = "Visual C#"
		StartServerOnDebug = "false"
	EndProjectSection
EndProject
Project("{E24C65DC-7377-472B-9ABA-BC803B73C61A}") = "KYQuery", "WebSite\KYQuery\", "{605B8E97-330D-42CF-8523-EFE05443625C}"
	ProjectSection(WebsiteProperties) = preProject
		TargetFrameworkMoniker = ".NETFramework,Version%3Dv4.0"
		Debug.AspNetCompiler.VirtualPath = "/KYQuery"
		Debug.AspNetCompiler.PhysicalPath = "WebSite\KYQuery\"
		Debug.AspNetCompiler.TargetPath = "PrecompiledWeb\KYQuery\"
		Debug.AspNetCompiler.Updateable = "true"
		Debug.AspNetCompiler.ForceOverwrite = "true"
		Debug.AspNetCompiler.FixedNames = "false"
		Debug.AspNetCompiler.Debug = "True"
		Release.AspNetCompiler.VirtualPath = "/KYQuery"
		Release.AspNetCompiler.PhysicalPath = "WebSite\KYQuery\"
		Release.AspNetCompiler.TargetPath = "PrecompiledWeb\KYQuery\"
		Release.AspNetCompiler.Updateable = "true"
		Release.AspNetCompiler.ForceOverwrite = "true"
		Release.AspNetCompiler.FixedNames = "false"
		Release.AspNetCompiler.Debug = "False"
		VWDPort = "13209"
		DefaultWebSiteLanguage = "Visual C#"
		StartServerOnDebug = "false"
	EndProjectSection
EndProject
Project("{FAE04EC0-301F-11D3-BF4B-00C04F79EFBC}") = "KYPrintJSD", "KYPrintJSD\KYPrintJSD.csproj", "{22CCF918-C697-4324-BAD3-0FC4398CB2F3}"
EndProject
Project("{FAE04EC0-301F-11D3-BF4B-00C04F79EFBC}") = "KYShareLibrary", "KYShareLibrary\KYShareLibrary.csproj", "{C995884D-6362-4D2F-AD16-633CCAFCF721}"
EndProject
Project("{FAE04EC0-301F-11D3-BF4B-00C04F79EFBC}") = "WLShareLibrary", "WLShareLibrary\WLShareLibrary.csproj", "{2CD9ED03-59F7-4387-AAE8-E544BDB2B939}"
EndProject
Project("{FAE04EC0-301F-11D3-BF4B-00C04F79EFBC}") = "KYServiceLibrary", "KYData\KYServiceLibrary\KYServiceLibrary.csproj", "{B923725F-39FD-44B8-9CA0-F86A1F3B15AA}"
EndProject
Project("{FAE04EC0-301F-11D3-BF4B-00C04F79EFBC}") = "Common", "Common\Common.csproj", "{AD2203BC-2E50-492D-937C-193519D23B81}"
EndProject
Project("{FAE04EC0-301F-11D3-BF4B-00C04F79EFBC}") = "WindowsFormsApplication1", "WindowsFormsApplication1\WindowsFormsApplication1.csproj", "{113CA4EA-1622-4614-8FF8-981EFFBC9DE3}"
EndProject
Global
	GlobalSection(SolutionConfigurationPlatforms) = preSolution
		Debug|Any CPU = Debug|Any CPU
		Debug|Mixed Platforms = Debug|Mixed Platforms
		Debug|x86 = Debug|x86
		Release|Any CPU = Release|Any CPU
		Release|Mixed Platforms = Release|Mixed Platforms
		Release|x86 = Release|x86
	EndGlobalSection
	GlobalSection(ProjectConfigurationPlatforms) = postSolution
		{C32DA653-F8FE-4EEA-B5B5-4564AA6834D2}.Debug|Any CPU.ActiveCfg = Debug|Any CPU
		{C32DA653-F8FE-4EEA-B5B5-4564AA6834D2}.Debug|Any CPU.Build.0 = Debug|Any CPU
		{C32DA653-F8FE-4EEA-B5B5-4564AA6834D2}.Debug|Mixed Platforms.ActiveCfg = Debug|Any CPU
		{C32DA653-F8FE-4EEA-B5B5-4564AA6834D2}.Debug|Mixed Platforms.Build.0 = Debug|Any CPU
		{C32DA653-F8FE-4EEA-B5B5-4564AA6834D2}.Debug|x86.ActiveCfg = Debug|Any CPU
		{C32DA653-F8FE-4EEA-B5B5-4564AA6834D2}.Release|Any CPU.ActiveCfg = Release|Any CPU
		{C32DA653-F8FE-4EEA-B5B5-4564AA6834D2}.Release|Any CPU.Build.0 = Release|Any CPU
		{C32DA653-F8FE-4EEA-B5B5-4564AA6834D2}.Release|Mixed Platforms.ActiveCfg = Release|Any CPU
		{C32DA653-F8FE-4EEA-B5B5-4564AA6834D2}.Release|Mixed Platforms.Build.0 = Release|Any CPU
		{C32DA653-F8FE-4EEA-B5B5-4564AA6834D2}.Release|x86.ActiveCfg = Release|Any CPU
		{FFD48BDF-D0D9-45FB-8723-4385D79EB1FB}.Debug|Any CPU.ActiveCfg = Debug|Any CPU
		{FFD48BDF-D0D9-45FB-8723-4385D79EB1FB}.Debug|Any CPU.Build.0 = Debug|Any CPU
		{FFD48BDF-D0D9-45FB-8723-4385D79EB1FB}.Debug|Mixed Platforms.ActiveCfg = Debug|Any CPU
		{FFD48BDF-D0D9-45FB-8723-4385D79EB1FB}.Debug|Mixed Platforms.Build.0 = Debug|Any CPU
		{FFD48BDF-D0D9-45FB-8723-4385D79EB1FB}.Debug|x86.ActiveCfg = Debug|Any CPU
		{FFD48BDF-D0D9-45FB-8723-4385D79EB1FB}.Release|Any CPU.ActiveCfg = Release|Any CPU
		{FFD48BDF-D0D9-45FB-8723-4385D79EB1FB}.Release|Any CPU.Build.0 = Release|Any CPU
		{FFD48BDF-D0D9-45FB-8723-4385D79EB1FB}.Release|Mixed Platforms.ActiveCfg = Release|Any CPU
		{FFD48BDF-D0D9-45FB-8723-4385D79EB1FB}.Release|Mixed Platforms.Build.0 = Release|Any CPU
		{FFD48BDF-D0D9-45FB-8723-4385D79EB1FB}.Release|x86.ActiveCfg = Release|Any CPU
		{57C382C2-DEEC-4AA6-AEC1-77E594AF17AD}.Debug|Any CPU.ActiveCfg = Debug|Any CPU
		{57C382C2-DEEC-4AA6-AEC1-77E594AF17AD}.Debug|Any CPU.Build.0 = Debug|Any CPU
		{57C382C2-DEEC-4AA6-AEC1-77E594AF17AD}.Debug|Mixed Platforms.ActiveCfg = Debug|Any CPU
		{57C382C2-DEEC-4AA6-AEC1-77E594AF17AD}.Debug|Mixed Platforms.Build.0 = Debug|Any CPU
		{57C382C2-DEEC-4AA6-AEC1-77E594AF17AD}.Debug|x86.ActiveCfg = Debug|Any CPU
		{57C382C2-DEEC-4AA6-AEC1-77E594AF17AD}.Release|Any CPU.ActiveCfg = Release|Any CPU
		{57C382C2-DEEC-4AA6-AEC1-77E594AF17AD}.Release|Any CPU.Build.0 = Release|Any CPU
		{57C382C2-DEEC-4AA6-AEC1-77E594AF17AD}.Release|Mixed Platforms.ActiveCfg = Release|Any CPU
		{57C382C2-DEEC-4AA6-AEC1-77E594AF17AD}.Release|Mixed Platforms.Build.0 = Release|Any CPU
		{57C382C2-DEEC-4AA6-AEC1-77E594AF17AD}.Release|x86.ActiveCfg = Release|Any CPU
		{67FD5306-9975-47CC-896C-B1864A41F331}.Debug|Any CPU.ActiveCfg = Debug|Any CPU
		{67FD5306-9975-47CC-896C-B1864A41F331}.Debug|Any CPU.Build.0 = Debug|Any CPU
		{67FD5306-9975-47CC-896C-B1864A41F331}.Debug|Mixed Platforms.ActiveCfg = Debug|Any CPU
		{67FD5306-9975-47CC-896C-B1864A41F331}.Debug|Mixed Platforms.Build.0 = Debug|Any CPU
		{67FD5306-9975-47CC-896C-B1864A41F331}.Debug|x86.ActiveCfg = Debug|Any CPU
		{67FD5306-9975-47CC-896C-B1864A41F331}.Release|Any CPU.ActiveCfg = Release|Any CPU
		{67FD5306-9975-47CC-896C-B1864A41F331}.Release|Any CPU.Build.0 = Release|Any CPU
		{67FD5306-9975-47CC-896C-B1864A41F331}.Release|Mixed Platforms.ActiveCfg = Release|Any CPU
		{67FD5306-9975-47CC-896C-B1864A41F331}.Release|Mixed Platforms.Build.0 = Release|Any CPU
		{67FD5306-9975-47CC-896C-B1864A41F331}.Release|x86.ActiveCfg = Release|Any CPU
		{CE648344-66A9-462C-81A4-906A8AA99616}.Debug|Any CPU.ActiveCfg = Debug|Any CPU
		{CE648344-66A9-462C-81A4-906A8AA99616}.Debug|Any CPU.Build.0 = Debug|Any CPU
		{CE648344-66A9-462C-81A4-906A8AA99616}.Debug|Mixed Platforms.ActiveCfg = Debug|Any CPU
		{CE648344-66A9-462C-81A4-906A8AA99616}.Debug|Mixed Platforms.Build.0 = Debug|Any CPU
		{CE648344-66A9-462C-81A4-906A8AA99616}.Debug|x86.ActiveCfg = Debug|Any CPU
		{CE648344-66A9-462C-81A4-906A8AA99616}.Release|Any CPU.ActiveCfg = Release|Any CPU
		{CE648344-66A9-462C-81A4-906A8AA99616}.Release|Any CPU.Build.0 = Release|Any CPU
		{CE648344-66A9-462C-81A4-906A8AA99616}.Release|Mixed Platforms.ActiveCfg = Release|Any CPU
		{CE648344-66A9-462C-81A4-906A8AA99616}.Release|Mixed Platforms.Build.0 = Release|Any CPU
		{CE648344-66A9-462C-81A4-906A8AA99616}.Release|x86.ActiveCfg = Release|Any CPU
		{72516B35-C0BF-4AB3-B396-4CACAF16C8EA}.Debug|Any CPU.ActiveCfg = Debug|Any CPU
		{72516B35-C0BF-4AB3-B396-4CACAF16C8EA}.Debug|Any CPU.Build.0 = Debug|Any CPU
		{72516B35-C0BF-4AB3-B396-4CACAF16C8EA}.Debug|Mixed Platforms.ActiveCfg = Debug|Any CPU
		{72516B35-C0BF-4AB3-B396-4CACAF16C8EA}.Debug|Mixed Platforms.Build.0 = Debug|Any CPU
		{72516B35-C0BF-4AB3-B396-4CACAF16C8EA}.Debug|x86.ActiveCfg = Debug|Any CPU
		{72516B35-C0BF-4AB3-B396-4CACAF16C8EA}.Release|Any CPU.ActiveCfg = Release|Any CPU
		{72516B35-C0BF-4AB3-B396-4CACAF16C8EA}.Release|Any CPU.Build.0 = Release|Any CPU
		{72516B35-C0BF-4AB3-B396-4CACAF16C8EA}.Release|Mixed Platforms.ActiveCfg = Release|Any CPU
		{72516B35-C0BF-4AB3-B396-4CACAF16C8EA}.Release|Mixed Platforms.Build.0 = Release|Any CPU
		{72516B35-C0BF-4AB3-B396-4CACAF16C8EA}.Release|x86.ActiveCfg = Release|Any CPU
		{0A3AAAC3-5F34-445E-8E88-3550177F6DB1}.Debug|Any CPU.ActiveCfg = Debug|x86
		{0A3AAAC3-5F34-445E-8E88-3550177F6DB1}.Debug|Mixed Platforms.ActiveCfg = Debug|x86
		{0A3AAAC3-5F34-445E-8E88-3550177F6DB1}.Debug|Mixed Platforms.Build.0 = Debug|x86
		{0A3AAAC3-5F34-445E-8E88-3550177F6DB1}.Debug|x86.ActiveCfg = Debug|x86
		{0A3AAAC3-5F34-445E-8E88-3550177F6DB1}.Debug|x86.Build.0 = Debug|x86
		{0A3AAAC3-5F34-445E-8E88-3550177F6DB1}.Release|Any CPU.ActiveCfg = Release|x86
		{0A3AAAC3-5F34-445E-8E88-3550177F6DB1}.Release|Mixed Platforms.ActiveCfg = Release|x86
		{0A3AAAC3-5F34-445E-8E88-3550177F6DB1}.Release|Mixed Platforms.Build.0 = Release|x86
		{0A3AAAC3-5F34-445E-8E88-3550177F6DB1}.Release|x86.ActiveCfg = Release|x86
		{0A3AAAC3-5F34-445E-8E88-3550177F6DB1}.Release|x86.Build.0 = Release|x86
		{5C2EC6F1-A130-48EC-9BEC-99EBACBB4340}.Debug|Any CPU.ActiveCfg = Debug|x86
		{5C2EC6F1-A130-48EC-9BEC-99EBACBB4340}.Debug|Mixed Platforms.ActiveCfg = Debug|x86
		{5C2EC6F1-A130-48EC-9BEC-99EBACBB4340}.Debug|Mixed Platforms.Build.0 = Debug|x86
		{5C2EC6F1-A130-48EC-9BEC-99EBACBB4340}.Debug|x86.ActiveCfg = Debug|x86
		{5C2EC6F1-A130-48EC-9BEC-99EBACBB4340}.Debug|x86.Build.0 = Debug|x86
		{5C2EC6F1-A130-48EC-9BEC-99EBACBB4340}.Release|Any CPU.ActiveCfg = Release|x86
		{5C2EC6F1-A130-48EC-9BEC-99EBACBB4340}.Release|Mixed Platforms.ActiveCfg = Release|x86
		{5C2EC6F1-A130-48EC-9BEC-99EBACBB4340}.Release|Mixed Platforms.Build.0 = Release|x86
		{5C2EC6F1-A130-48EC-9BEC-99EBACBB4340}.Release|x86.ActiveCfg = Release|x86
		{5C2EC6F1-A130-48EC-9BEC-99EBACBB4340}.Release|x86.Build.0 = Release|x86
		{20B51053-577A-4A99-B8CA-679211D6099D}.Debug|Any CPU.ActiveCfg = Debug|x86
		{20B51053-577A-4A99-B8CA-679211D6099D}.Debug|Mixed Platforms.ActiveCfg = Debug|x86
		{20B51053-577A-4A99-B8CA-679211D6099D}.Debug|Mixed Platforms.Build.0 = Debug|x86
		{20B51053-577A-4A99-B8CA-679211D6099D}.Debug|x86.ActiveCfg = Debug|x86
		{20B51053-577A-4A99-B8CA-679211D6099D}.Debug|x86.Build.0 = Debug|x86
		{20B51053-577A-4A99-B8CA-679211D6099D}.Release|Any CPU.ActiveCfg = Release|x86
		{20B51053-577A-4A99-B8CA-679211D6099D}.Release|Mixed Platforms.ActiveCfg = Release|x86
		{20B51053-577A-4A99-B8CA-679211D6099D}.Release|Mixed Platforms.Build.0 = Release|x86
		{20B51053-577A-4A99-B8CA-679211D6099D}.Release|x86.ActiveCfg = Release|x86
		{20B51053-577A-4A99-B8CA-679211D6099D}.Release|x86.Build.0 = Release|x86
		{174D6CC2-4ADF-40FA-AC85-DAC0538B6D79}.Debug|Any CPU.ActiveCfg = Debug|Any CPU
		{174D6CC2-4ADF-40FA-AC85-DAC0538B6D79}.Debug|Any CPU.Build.0 = Debug|Any CPU
		{174D6CC2-4ADF-40FA-AC85-DAC0538B6D79}.Debug|Mixed Platforms.ActiveCfg = Debug|Any CPU
		{174D6CC2-4ADF-40FA-AC85-DAC0538B6D79}.Debug|Mixed Platforms.Build.0 = Debug|Any CPU
		{174D6CC2-4ADF-40FA-AC85-DAC0538B6D79}.Debug|x86.ActiveCfg = Debug|Any CPU
		{174D6CC2-4ADF-40FA-AC85-DAC0538B6D79}.Release|Any CPU.ActiveCfg = Release|Any CPU
		{174D6CC2-4ADF-40FA-AC85-DAC0538B6D79}.Release|Any CPU.Build.0 = Release|Any CPU
		{174D6CC2-4ADF-40FA-AC85-DAC0538B6D79}.Release|Mixed Platforms.ActiveCfg = Release|Any CPU
		{174D6CC2-4ADF-40FA-AC85-DAC0538B6D79}.Release|Mixed Platforms.Build.0 = Release|Any CPU
		{174D6CC2-4ADF-40FA-AC85-DAC0538B6D79}.Release|x86.ActiveCfg = Release|Any CPU
		{03F50D2F-E8AB-4670-B448-2ECEDC7053EB}.Debug|Any CPU.ActiveCfg = Debug|x86
		{03F50D2F-E8AB-4670-B448-2ECEDC7053EB}.Debug|Mixed Platforms.ActiveCfg = Debug|x86
		{03F50D2F-E8AB-4670-B448-2ECEDC7053EB}.Debug|Mixed Platforms.Build.0 = Debug|x86
		{03F50D2F-E8AB-4670-B448-2ECEDC7053EB}.Debug|x86.ActiveCfg = Debug|x86
		{03F50D2F-E8AB-4670-B448-2ECEDC7053EB}.Debug|x86.Build.0 = Debug|x86
		{03F50D2F-E8AB-4670-B448-2ECEDC7053EB}.Release|Any CPU.ActiveCfg = Release|x86
		{03F50D2F-E8AB-4670-B448-2ECEDC7053EB}.Release|Mixed Platforms.ActiveCfg = Release|x86
		{03F50D2F-E8AB-4670-B448-2ECEDC7053EB}.Release|Mixed Platforms.Build.0 = Release|x86
		{03F50D2F-E8AB-4670-B448-2ECEDC7053EB}.Release|x86.ActiveCfg = Release|x86
		{03F50D2F-E8AB-4670-B448-2ECEDC7053EB}.Release|x86.Build.0 = Release|x86
		{92CE208C-B3AE-4C58-ABDD-337D503BF5FB}.Debug|Any CPU.ActiveCfg = Debug|Any CPU
		{92CE208C-B3AE-4C58-ABDD-337D503BF5FB}.Debug|Any CPU.Build.0 = Debug|Any CPU
		{92CE208C-B3AE-4C58-ABDD-337D503BF5FB}.Debug|Mixed Platforms.ActiveCfg = Debug|Any CPU
		{92CE208C-B3AE-4C58-ABDD-337D503BF5FB}.Debug|Mixed Platforms.Build.0 = Debug|Any CPU
		{92CE208C-B3AE-4C58-ABDD-337D503BF5FB}.Debug|x86.ActiveCfg = Debug|Any CPU
		{92CE208C-B3AE-4C58-ABDD-337D503BF5FB}.Release|Any CPU.ActiveCfg = Debug|Any CPU
		{92CE208C-B3AE-4C58-ABDD-337D503BF5FB}.Release|Any CPU.Build.0 = Debug|Any CPU
		{92CE208C-B3AE-4C58-ABDD-337D503BF5FB}.Release|Mixed Platforms.ActiveCfg = Debug|Any CPU
		{92CE208C-B3AE-4C58-ABDD-337D503BF5FB}.Release|Mixed Platforms.Build.0 = Debug|Any CPU
		{92CE208C-B3AE-4C58-ABDD-337D503BF5FB}.Release|x86.ActiveCfg = Debug|Any CPU
		{AAF325DB-E5C5-4A5B-B8CA-1BC1ACD00116}.Debug|Any CPU.ActiveCfg = Debug|Any CPU
		{AAF325DB-E5C5-4A5B-B8CA-1BC1ACD00116}.Debug|Any CPU.Build.0 = Debug|Any CPU
		{AAF325DB-E5C5-4A5B-B8CA-1BC1ACD00116}.Debug|Mixed Platforms.ActiveCfg = Debug|Any CPU
		{AAF325DB-E5C5-4A5B-B8CA-1BC1ACD00116}.Debug|Mixed Platforms.Build.0 = Debug|Any CPU
		{AAF325DB-E5C5-4A5B-B8CA-1BC1ACD00116}.Debug|x86.ActiveCfg = Debug|Any CPU
		{AAF325DB-E5C5-4A5B-B8CA-1BC1ACD00116}.Release|Any CPU.ActiveCfg = Release|Any CPU
		{AAF325DB-E5C5-4A5B-B8CA-1BC1ACD00116}.Release|Any CPU.Build.0 = Release|Any CPU
		{AAF325DB-E5C5-4A5B-B8CA-1BC1ACD00116}.Release|Mixed Platforms.ActiveCfg = Release|Any CPU
		{AAF325DB-E5C5-4A5B-B8CA-1BC1ACD00116}.Release|Mixed Platforms.Build.0 = Release|Any CPU
		{AAF325DB-E5C5-4A5B-B8CA-1BC1ACD00116}.Release|x86.ActiveCfg = Release|Any CPU
		{62C509E8-1556-415B-A81C-84ED4C02ECB9}.Debug|Any CPU.ActiveCfg = Debug|x86
		{62C509E8-1556-415B-A81C-84ED4C02ECB9}.Debug|Mixed Platforms.ActiveCfg = Debug|x86
		{62C509E8-1556-415B-A81C-84ED4C02ECB9}.Debug|Mixed Platforms.Build.0 = Debug|x86
		{62C509E8-1556-415B-A81C-84ED4C02ECB9}.Debug|x86.ActiveCfg = Debug|x86
		{62C509E8-1556-415B-A81C-84ED4C02ECB9}.Debug|x86.Build.0 = Debug|x86
		{62C509E8-1556-415B-A81C-84ED4C02ECB9}.Release|Any CPU.ActiveCfg = Release|x86
		{62C509E8-1556-415B-A81C-84ED4C02ECB9}.Release|Mixed Platforms.ActiveCfg = Release|x86
		{62C509E8-1556-415B-A81C-84ED4C02ECB9}.Release|Mixed Platforms.Build.0 = Release|x86
		{62C509E8-1556-415B-A81C-84ED4C02ECB9}.Release|x86.ActiveCfg = Release|x86
		{62C509E8-1556-415B-A81C-84ED4C02ECB9}.Release|x86.Build.0 = Release|x86
		{76007EDC-5ECF-40DE-B9E8-0E32D4C268AF}.Debug|Any CPU.ActiveCfg = Debug|Any CPU
		{76007EDC-5ECF-40DE-B9E8-0E32D4C268AF}.Debug|Any CPU.Build.0 = Debug|Any CPU
		{76007EDC-5ECF-40DE-B9E8-0E32D4C268AF}.Debug|Mixed Platforms.ActiveCfg = Debug|Any CPU
		{76007EDC-5ECF-40DE-B9E8-0E32D4C268AF}.Debug|Mixed Platforms.Build.0 = Debug|Any CPU
		{76007EDC-5ECF-40DE-B9E8-0E32D4C268AF}.Debug|x86.ActiveCfg = Debug|Any CPU
		{76007EDC-5ECF-40DE-B9E8-0E32D4C268AF}.Release|Any CPU.ActiveCfg = Debug|Any CPU
		{76007EDC-5ECF-40DE-B9E8-0E32D4C268AF}.Release|Any CPU.Build.0 = Debug|Any CPU
		{76007EDC-5ECF-40DE-B9E8-0E32D4C268AF}.Release|Mixed Platforms.ActiveCfg = Debug|Any CPU
		{76007EDC-5ECF-40DE-B9E8-0E32D4C268AF}.Release|Mixed Platforms.Build.0 = Debug|Any CPU
		{76007EDC-5ECF-40DE-B9E8-0E32D4C268AF}.Release|x86.ActiveCfg = Debug|Any CPU
		{DEEB6558-AD63-4C26-A778-ECE2DBEB5212}.Debug|Any CPU.ActiveCfg = Debug|Any CPU
		{DEEB6558-AD63-4C26-A778-ECE2DBEB5212}.Debug|Any CPU.Build.0 = Debug|Any CPU
		{DEEB6558-AD63-4C26-A778-ECE2DBEB5212}.Debug|Mixed Platforms.ActiveCfg = Debug|Any CPU
		{DEEB6558-AD63-4C26-A778-ECE2DBEB5212}.Debug|Mixed Platforms.Build.0 = Debug|Any CPU
		{DEEB6558-AD63-4C26-A778-ECE2DBEB5212}.Debug|x86.ActiveCfg = Debug|Any CPU
		{DEEB6558-AD63-4C26-A778-ECE2DBEB5212}.Release|Any CPU.ActiveCfg = Debug|Any CPU
		{DEEB6558-AD63-4C26-A778-ECE2DBEB5212}.Release|Any CPU.Build.0 = Debug|Any CPU
		{DEEB6558-AD63-4C26-A778-ECE2DBEB5212}.Release|Mixed Platforms.ActiveCfg = Debug|Any CPU
		{DEEB6558-AD63-4C26-A778-ECE2DBEB5212}.Release|Mixed Platforms.Build.0 = Debug|Any CPU
		{DEEB6558-AD63-4C26-A778-ECE2DBEB5212}.Release|x86.ActiveCfg = Debug|Any CPU
		{E3E44A11-11C1-4FA3-A64F-214C668FD507}.Debug|Any CPU.ActiveCfg = Debug|Any CPU
		{E3E44A11-11C1-4FA3-A64F-214C668FD507}.Debug|Any CPU.Build.0 = Debug|Any CPU
		{E3E44A11-11C1-4FA3-A64F-214C668FD507}.Debug|Mixed Platforms.ActiveCfg = Debug|Any CPU
		{E3E44A11-11C1-4FA3-A64F-214C668FD507}.Debug|Mixed Platforms.Build.0 = Debug|Any CPU
		{E3E44A11-11C1-4FA3-A64F-214C668FD507}.Debug|x86.ActiveCfg = Debug|Any CPU
		{E3E44A11-11C1-4FA3-A64F-214C668FD507}.Release|Any CPU.ActiveCfg = Debug|Any CPU
		{E3E44A11-11C1-4FA3-A64F-214C668FD507}.Release|Any CPU.Build.0 = Debug|Any CPU
		{E3E44A11-11C1-4FA3-A64F-214C668FD507}.Release|Mixed Platforms.ActiveCfg = Debug|Any CPU
		{E3E44A11-11C1-4FA3-A64F-214C668FD507}.Release|Mixed Platforms.Build.0 = Debug|Any CPU
		{E3E44A11-11C1-4FA3-A64F-214C668FD507}.Release|x86.ActiveCfg = Debug|Any CPU
		{605B8E97-330D-42CF-8523-EFE05443625C}.Debug|Any CPU.ActiveCfg = Debug|Any CPU
		{605B8E97-330D-42CF-8523-EFE05443625C}.Debug|Any CPU.Build.0 = Debug|Any CPU
		{605B8E97-330D-42CF-8523-EFE05443625C}.Debug|Mixed Platforms.ActiveCfg = Debug|Any CPU
		{605B8E97-330D-42CF-8523-EFE05443625C}.Debug|Mixed Platforms.Build.0 = Debug|Any CPU
		{605B8E97-330D-42CF-8523-EFE05443625C}.Debug|x86.ActiveCfg = Debug|Any CPU
		{605B8E97-330D-42CF-8523-EFE05443625C}.Release|Any CPU.ActiveCfg = Debug|Any CPU
		{605B8E97-330D-42CF-8523-EFE05443625C}.Release|Any CPU.Build.0 = Debug|Any CPU
		{605B8E97-330D-42CF-8523-EFE05443625C}.Release|Mixed Platforms.ActiveCfg = Debug|Any CPU
		{605B8E97-330D-42CF-8523-EFE05443625C}.Release|Mixed Platforms.Build.0 = Debug|Any CPU
		{605B8E97-330D-42CF-8523-EFE05443625C}.Release|x86.ActiveCfg = Debug|Any CPU
		{22CCF918-C697-4324-BAD3-0FC4398CB2F3}.Debug|Any CPU.ActiveCfg = Debug|x86
		{22CCF918-C697-4324-BAD3-0FC4398CB2F3}.Debug|Mixed Platforms.ActiveCfg = Debug|x86
		{22CCF918-C697-4324-BAD3-0FC4398CB2F3}.Debug|Mixed Platforms.Build.0 = Debug|x86
		{22CCF918-C697-4324-BAD3-0FC4398CB2F3}.Debug|x86.ActiveCfg = Debug|x86
		{22CCF918-C697-4324-BAD3-0FC4398CB2F3}.Debug|x86.Build.0 = Debug|x86
		{22CCF918-C697-4324-BAD3-0FC4398CB2F3}.Release|Any CPU.ActiveCfg = Release|x86
		{22CCF918-C697-4324-BAD3-0FC4398CB2F3}.Release|Mixed Platforms.ActiveCfg = Release|x86
		{22CCF918-C697-4324-BAD3-0FC4398CB2F3}.Release|Mixed Platforms.Build.0 = Release|x86
		{22CCF918-C697-4324-BAD3-0FC4398CB2F3}.Release|x86.ActiveCfg = Release|x86
		{22CCF918-C697-4324-BAD3-0FC4398CB2F3}.Release|x86.Build.0 = Release|x86
		{C995884D-6362-4D2F-AD16-633CCAFCF721}.Debug|Any CPU.ActiveCfg = Debug|Any CPU
		{C995884D-6362-4D2F-AD16-633CCAFCF721}.Debug|Any CPU.Build.0 = Debug|Any CPU
		{C995884D-6362-4D2F-AD16-633CCAFCF721}.Debug|Mixed Platforms.ActiveCfg = Debug|Any CPU
		{C995884D-6362-4D2F-AD16-633CCAFCF721}.Debug|Mixed Platforms.Build.0 = Debug|Any CPU
		{C995884D-6362-4D2F-AD16-633CCAFCF721}.Debug|x86.ActiveCfg = Debug|Any CPU
		{C995884D-6362-4D2F-AD16-633CCAFCF721}.Release|Any CPU.ActiveCfg = Release|Any CPU
		{C995884D-6362-4D2F-AD16-633CCAFCF721}.Release|Any CPU.Build.0 = Release|Any CPU
		{C995884D-6362-4D2F-AD16-633CCAFCF721}.Release|Mixed Platforms.ActiveCfg = Release|Any CPU
		{C995884D-6362-4D2F-AD16-633CCAFCF721}.Release|Mixed Platforms.Build.0 = Release|Any CPU
		{C995884D-6362-4D2F-AD16-633CCAFCF721}.Release|x86.ActiveCfg = Release|Any CPU
		{2CD9ED03-59F7-4387-AAE8-E544BDB2B939}.Debug|Any CPU.ActiveCfg = Debug|Any CPU
		{2CD9ED03-59F7-4387-AAE8-E544BDB2B939}.Debug|Any CPU.Build.0 = Debug|Any CPU
		{2CD9ED03-59F7-4387-AAE8-E544BDB2B939}.Debug|Mixed Platforms.ActiveCfg = Debug|Any CPU
		{2CD9ED03-59F7-4387-AAE8-E544BDB2B939}.Debug|Mixed Platforms.Build.0 = Debug|Any CPU
		{2CD9ED03-59F7-4387-AAE8-E544BDB2B939}.Debug|x86.ActiveCfg = Debug|Any CPU
		{2CD9ED03-59F7-4387-AAE8-E544BDB2B939}.Release|Any CPU.ActiveCfg = Release|Any CPU
		{2CD9ED03-59F7-4387-AAE8-E544BDB2B939}.Release|Any CPU.Build.0 = Release|Any CPU
		{2CD9ED03-59F7-4387-AAE8-E544BDB2B939}.Release|Mixed Platforms.ActiveCfg = Release|Any CPU
		{2CD9ED03-59F7-4387-AAE8-E544BDB2B939}.Release|Mixed Platforms.Build.0 = Release|Any CPU
		{2CD9ED03-59F7-4387-AAE8-E544BDB2B939}.Release|x86.ActiveCfg = Release|Any CPU
		{B923725F-39FD-44B8-9CA0-F86A1F3B15AA}.Debug|Any CPU.ActiveCfg = Debug|Any CPU
		{B923725F-39FD-44B8-9CA0-F86A1F3B15AA}.Debug|Any CPU.Build.0 = Debug|Any CPU
		{B923725F-39FD-44B8-9CA0-F86A1F3B15AA}.Debug|Mixed Platforms.ActiveCfg = Debug|Any CPU
		{B923725F-39FD-44B8-9CA0-F86A1F3B15AA}.Debug|Mixed Platforms.Build.0 = Debug|Any CPU
		{B923725F-39FD-44B8-9CA0-F86A1F3B15AA}.Debug|x86.ActiveCfg = Debug|Any CPU
		{B923725F-39FD-44B8-9CA0-F86A1F3B15AA}.Release|Any CPU.ActiveCfg = Release|Any CPU
		{B923725F-39FD-44B8-9CA0-F86A1F3B15AA}.Release|Any CPU.Build.0 = Release|Any CPU
		{B923725F-39FD-44B8-9CA0-F86A1F3B15AA}.Release|Mixed Platforms.ActiveCfg = Release|Any CPU
		{B923725F-39FD-44B8-9CA0-F86A1F3B15AA}.Release|Mixed Platforms.Build.0 = Release|Any CPU
		{B923725F-39FD-44B8-9CA0-F86A1F3B15AA}.Release|x86.ActiveCfg = Release|Any CPU
		{AD2203BC-2E50-492D-937C-193519D23B81}.Debug|Any CPU.ActiveCfg = Debug|Any CPU
		{AD2203BC-2E50-492D-937C-193519D23B81}.Debug|Any CPU.Build.0 = Debug|Any CPU
		{AD2203BC-2E50-492D-937C-193519D23B81}.Debug|Mixed Platforms.ActiveCfg = Debug|Any CPU
		{AD2203BC-2E50-492D-937C-193519D23B81}.Debug|Mixed Platforms.Build.0 = Debug|Any CPU
		{AD2203BC-2E50-492D-937C-193519D23B81}.Debug|x86.ActiveCfg = Debug|Any CPU
		{AD2203BC-2E50-492D-937C-193519D23B81}.Release|Any CPU.ActiveCfg = Release|Any CPU
		{AD2203BC-2E50-492D-937C-193519D23B81}.Release|Any CPU.Build.0 = Release|Any CPU
		{AD2203BC-2E50-492D-937C-193519D23B81}.Release|Mixed Platforms.ActiveCfg = Release|Any CPU
		{AD2203BC-2E50-492D-937C-193519D23B81}.Release|Mixed Platforms.Build.0 = Release|Any CPU
		{AD2203BC-2E50-492D-937C-193519D23B81}.Release|x86.ActiveCfg = Release|Any CPU
		{113CA4EA-1622-4614-8FF8-981EFFBC9DE3}.Debug|Any CPU.ActiveCfg = Debug|x86
		{113CA4EA-1622-4614-8FF8-981EFFBC9DE3}.Debug|Mixed Platforms.ActiveCfg = Debug|x86
		{113CA4EA-1622-4614-8FF8-981EFFBC9DE3}.Debug|Mixed Platforms.Build.0 = Debug|x86
		{113CA4EA-1622-4614-8FF8-981EFFBC9DE3}.Debug|x86.ActiveCfg = Debug|x86
		{113CA4EA-1622-4614-8FF8-981EFFBC9DE3}.Debug|x86.Build.0 = Debug|x86
		{113CA4EA-1622-4614-8FF8-981EFFBC9DE3}.Release|Any CPU.ActiveCfg = Release|x86
		{113CA4EA-1622-4614-8FF8-981EFFBC9DE3}.Release|Mixed Platforms.ActiveCfg = Release|x86
		{113CA4EA-1622-4614-8FF8-981EFFBC9DE3}.Release|Mixed Platforms.Build.0 = Release|x86
		{113CA4EA-1622-4614-8FF8-981EFFBC9DE3}.Release|x86.ActiveCfg = Release|x86
		{113CA4EA-1622-4614-8FF8-981EFFBC9DE3}.Release|x86.Build.0 = Release|x86
	EndGlobalSection
	GlobalSection(SolutionProperties) = preSolution
		HideSolutionNode = FALSE
	EndGlobalSection
	GlobalSection(NestedProjects) = preSolution
		{C32DA653-F8FE-4EEA-B5B5-4564AA6834D2} = {5DCF090D-E414-42CC-8ED0-D4FA6D37122D}
		{FFD48BDF-D0D9-45FB-8723-4385D79EB1FB} = {5DCF090D-E414-42CC-8ED0-D4FA6D37122D}
		{57C382C2-DEEC-4AA6-AEC1-77E594AF17AD} = {5DCF090D-E414-42CC-8ED0-D4FA6D37122D}
		{B923725F-39FD-44B8-9CA0-F86A1F3B15AA} = {5DCF090D-E414-42CC-8ED0-D4FA6D37122D}
		{67FD5306-9975-47CC-896C-B1864A41F331} = {3FB50930-E6A9-498A-95CE-8A03ADB00F8A}
		{CE648344-66A9-462C-81A4-906A8AA99616} = {3FB50930-E6A9-498A-95CE-8A03ADB00F8A}
		{72516B35-C0BF-4AB3-B396-4CACAF16C8EA} = {3FB50930-E6A9-498A-95CE-8A03ADB00F8A}
		{AAF325DB-E5C5-4A5B-B8CA-1BC1ACD00116} = {3FB50930-E6A9-498A-95CE-8A03ADB00F8A}
		{92CE208C-B3AE-4C58-ABDD-337D503BF5FB} = {235999C4-DA34-4BF2-A70B-DCBBE3AEDF94}
		{76007EDC-5ECF-40DE-B9E8-0E32D4C268AF} = {235999C4-DA34-4BF2-A70B-DCBBE3AEDF94}
		{DEEB6558-AD63-4C26-A778-ECE2DBEB5212} = {235999C4-DA34-4BF2-A70B-DCBBE3AEDF94}
		{E3E44A11-11C1-4FA3-A64F-214C668FD507} = {235999C4-DA34-4BF2-A70B-DCBBE3AEDF94}
		{605B8E97-330D-42CF-8523-EFE05443625C} = {235999C4-DA34-4BF2-A70B-DCBBE3AEDF94}
	EndGlobalSection
EndGlobal
