
Microsoft Visual Studio Solution File, Format Version 11.00
# Visual Studio 2010
Project("{FAE04EC0-301F-11D3-BF4B-00C04F79EFBC}") = "SbSCh1_1", "SbSCh1_1\SbSCh1_1.csproj", "{91759AD9-47CB-41D9-951D-89ECB247568F}"
EndProject
Project("{FAE04EC0-301F-11D3-BF4B-00C04F79EFBC}") = "SbSCh1_1.Web", "SbSCh1_1.Web\SbSCh1_1.Web.csproj", "{C8C940B8-C095-4A03-9F71-ECCAE14ED067}"
EndProject
Global
	GlobalSection(SolutionConfigurationPlatforms) = preSolution
		Debug|Any CPU = Debug|Any CPU
		Release|Any CPU = Release|Any CPU
	EndGlobalSection
	GlobalSection(ProjectConfigurationPlatforms) = postSolution
		{91759AD9-47CB-41D9-951D-89ECB247568F}.Debug|Any CPU.ActiveCfg = Debug|Any CPU
		{91759AD9-47CB-41D9-951D-89ECB247568F}.Debug|Any CPU.Build.0 = Debug|Any CPU
		{91759AD9-47CB-41D9-951D-89ECB247568F}.Release|Any CPU.ActiveCfg = Release|Any CPU
		{91759AD9-47CB-41D9-951D-89ECB247568F}.Release|Any CPU.Build.0 = Release|Any CPU
		{C8C940B8-C095-4A03-9F71-ECCAE14ED067}.Debug|Any CPU.ActiveCfg = Debug|Any CPU
		{C8C940B8-C095-4A03-9F71-ECCAE14ED067}.Debug|Any CPU.Build.0 = Debug|Any CPU
		{C8C940B8-C095-4A03-9F71-ECCAE14ED067}.Release|Any CPU.ActiveCfg = Release|Any CPU
		{C8C940B8-C095-4A03-9F71-ECCAE14ED067}.Release|Any CPU.Build.0 = Release|Any CPU
	EndGlobalSection
	GlobalSection(SolutionProperties) = preSolution
		HideSolutionNode = FALSE
	EndGlobalSection
EndGlobal
